
Microsoft Visual Studio Solution File, Format Version 12.00
# Visual Studio Version 16
VisualStudioVersion = 16.0.30413.136
MinimumVisualStudioVersion = 10.0.40219.1
Project("{9A19103F-16F7-4668-BE54-9A1E7A4F7556}") = "BankYouBankruptDatabaseImplement", "BankYouBankrupt\BankYouBankruptDatabaseImplement.csproj", "{D3496FEB-19CB-4232-9ECA-8D032C52DC56}"
EndProject
Project("{9A19103F-16F7-4668-BE54-9A1E7A4F7556}") = "BankYouBankruptBusinessLogic", "BankYouBankruptBusinessLogic\BankYouBankruptBusinessLogic.csproj", "{766508E9-0A6B-4DE7-9742-E1EA37E8A877}"
EndProject
Project("{FAE04EC0-301F-11D3-BF4B-00C04F79EFBC}") = "BankYouBankruptView", "BankYouBankruptView\BankYouBankruptView.csproj", "{A3368905-9A57-4C23-A5B3-D8438AA4DF44}"
EndProject
Global
	GlobalSection(SolutionConfigurationPlatforms) = preSolution
		Debug|Any CPU = Debug|Any CPU
		Release|Any CPU = Release|Any CPU
	EndGlobalSection
	GlobalSection(ProjectConfigurationPlatforms) = postSolution
		{D3496FEB-19CB-4232-9ECA-8D032C52DC56}.Debug|Any CPU.ActiveCfg = Debug|Any CPU
		{D3496FEB-19CB-4232-9ECA-8D032C52DC56}.Debug|Any CPU.Build.0 = Debug|Any CPU
		{D3496FEB-19CB-4232-9ECA-8D032C52DC56}.Release|Any CPU.ActiveCfg = Release|Any CPU
		{D3496FEB-19CB-4232-9ECA-8D032C52DC56}.Release|Any CPU.Build.0 = Release|Any CPU
		{766508E9-0A6B-4DE7-9742-E1EA37E8A877}.Debug|Any CPU.ActiveCfg = Debug|Any CPU
		{766508E9-0A6B-4DE7-9742-E1EA37E8A877}.Debug|Any CPU.Build.0 = Debug|Any CPU
		{766508E9-0A6B-4DE7-9742-E1EA37E8A877}.Release|Any CPU.ActiveCfg = Release|Any CPU
		{766508E9-0A6B-4DE7-9742-E1EA37E8A877}.Release|Any CPU.Build.0 = Release|Any CPU
		{A3368905-9A57-4C23-A5B3-D8438AA4DF44}.Debug|Any CPU.ActiveCfg = Debug|Any CPU
		{A3368905-9A57-4C23-A5B3-D8438AA4DF44}.Debug|Any CPU.Build.0 = Debug|Any CPU
		{A3368905-9A57-4C23-A5B3-D8438AA4DF44}.Release|Any CPU.ActiveCfg = Release|Any CPU
		{A3368905-9A57-4C23-A5B3-D8438AA4DF44}.Release|Any CPU.Build.0 = Release|Any CPU
	EndGlobalSection
	GlobalSection(SolutionProperties) = preSolution
		HideSolutionNode = FALSE
	EndGlobalSection
	GlobalSection(ExtensibilityGlobals) = postSolution
		SolutionGuid = {D41E8385-EF32-4239-8E1B-27AD25151E20}
	EndGlobalSection
EndGlobal
